{
  "requires": true,
  "lockfileVersion": 1,
  "dependencies": {
    "miniprogram-slide-view": {
      "version": "0.0.3",
      "resolved": "https://registry.npmjs.org/miniprogram-slide-view/-/miniprogram-slide-view-0.0.3.tgz",
      "integrity": "sha512-ZvR0Uy/mOrCpkYUhO/bNV9LVgYCfKoJSZeUyRv+BNGQGHa1HwzXOZsYc942vhzW8sBmnIhcW4s4InYXDVeHw9w=="
    }
  }
}
